// !$*UTF8*$!
{
	archiveVersion = 1;
	classes = {
	};
	objectVersion = 56;
	objects = {

/* Begin PBXBuildFile section */
		85BD6AE729D8B36200802036 /* AppDelegate.swift in Sources */ = {isa = PBXBuildFile; fileRef = 85BD6AE629D8B36200802036 /* AppDelegate.swift */; };
		85BD6AE929D8B36200802036 /* SceneDelegate.swift in Sources */ = {isa = PBXBuildFile; fileRef = 85BD6AE829D8B36200802036 /* SceneDelegate.swift */; };
		85BD6AEB29D8B36200802036 /* ViewController.swift in Sources */ = {isa = PBXBuildFile; fileRef = 85BD6AEA29D8B36200802036 /* ViewController.swift */; };
		85BD6AEE29D8B36200802036 /* Main.storyboard in Resources */ = {isa = PBXBuildFile; fileRef = 85BD6AEC29D8B36200802036 /* Main.storyboard */; };
		85BD6AF029D8B36600802036 /* Assets.xcassets in Resources */ = {isa = PBXBuildFile; fileRef = 85BD6AEF29D8B36600802036 /* Assets.xcassets */; };
		85BD6AF329D8B36600802036 /* LaunchScreen.storyboard in Resources */ = {isa = PBXBuildFile; fileRef = 85BD6AF129D8B36600802036 /* LaunchScreen.storyboard */; };
		85BD6AFE29D8B36600802036 /* Assign_3_LoginTests.swift in Sources */ = {isa = PBXBuildFile; fileRef = 85BD6AFD29D8B36600802036 /* Assign_3_LoginTests.swift */; };
		85BD6B0829D8B36600802036 /* Assign_3_LoginUITests.swift in Sources */ = {isa = PBXBuildFile; fileRef = 85BD6B0729D8B36600802036 /* Assign_3_LoginUITests.swift */; };
		85BD6B0A29D8B36600802036 /* Assign_3_LoginUITestsLaunchTests.swift in Sources */ = {isa = PBXBuildFile; fileRef = 85BD6B0929D8B36600802036 /* Assign_3_LoginUITestsLaunchTests.swift */; };
		85BD6B1729D8CE5A00802036 /* LoginViewController.swift in Sources */ = {isa = PBXBuildFile; fileRef = 85BD6B1629D8CE5A00802036 /* LoginViewController.swift */; };
		85BD6B1929D9529300802036 /* CreateAccountViewController.swift in Sources */ = {isa = PBXBuildFile; fileRef = 85BD6B1829D9529300802036 /* CreateAccountViewController.swift */; };
		85BD6B1B29D98DE500802036 /* ForgotPasswordViewController.swift in Sources */ = {isa = PBXBuildFile; fileRef = 85BD6B1A29D98DE500802036 /* ForgotPasswordViewController.swift */; };
		85BD6B1D29D9913500802036 /* PasswordSuccessViewController.swift in Sources */ = {isa = PBXBuildFile; fileRef = 85BD6B1C29D9913500802036 /* PasswordSuccessViewController.swift */; };
		85BD6B1F29D9996C00802036 /* SignedInViewController.swift in Sources */ = {isa = PBXBuildFile; fileRef = 85BD6B1E29D9996C00802036 /* SignedInViewController.swift */; };
/* End PBXBuildFile section */

/* Begin PBXContainerItemProxy section */
		85BD6AFA29D8B36600802036 /* PBXContainerItemProxy */ = {
			isa = PBXContainerItemProxy;
			containerPortal = 85BD6ADB29D8B36200802036 /* Project object */;
			proxyType = 1;
			remoteGlobalIDString = 85BD6AE229D8B36200802036;
			remoteInfo = "Assign-3-Login";
		};
		85BD6B0429D8B36600802036 /* PBXContainerItemProxy */ = {
			isa = PBXContainerItemProxy;
			containerPortal = 85BD6ADB29D8B36200802036 /* Project object */;
			proxyType = 1;
			remoteGlobalIDString = 85BD6AE229D8B36200802036;
			remoteInfo = "Assign-3-Login";
		};
/* End PBXContainerItemProxy section */

/* Begin PBXFileReference section */
		85BD6AE329D8B36200802036 /* Assign-3-Login.app */ = {isa = PBXFileReference; explicitFileType = wrapper.application; includeInIndex = 0; path = "Assign-3-Login.app"; sourceTree = BUILT_PRODUCTS_DIR; };
		85BD6AE629D8B36200802036 /* AppDelegate.swift */ = {isa = PBXFileReference; lastKnownFileType = sourcecode.swift; path = AppDelegate.swift; sourceTree = "<group>"; };
		85BD6AE829D8B36200802036 /* SceneDelegate.swift */ = {isa = PBXFileReference; lastKnownFileType = sourcecode.swift; path = SceneDelegate.swift; sourceTree = "<group>"; };
		85BD6AEA29D8B36200802036 /* ViewController.swift */ = {isa = PBXFileReference; lastKnownFileType = sourcecode.swift; path = ViewController.swift; sourceTree = "<group>"; };
		85BD6AED29D8B36200802036 /* Base */ = {isa = PBXFileReference; lastKnownFileType = file.storyboard; name = Base; path = Base.lproj/Main.storyboard; sourceTree = "<group>"; };
		85BD6AEF29D8B36600802036 /* Assets.xcassets */ = {isa = PBXFileReference; lastKnownFileType = folder.assetcatalog; path = Assets.xcassets; sourceTree = "<group>"; };
		85BD6AF229D8B36600802036 /* Base */ = {isa = PBXFileReference; lastKnownFileType = file.storyboard; name = Base; path = Base.lproj/LaunchScreen.storyboard; sourceTree = "<group>"; };
		85BD6AF429D8B36600802036 /* Info.plist */ = {isa = PBXFileReference; lastKnownFileType = text.plist.xml; path = Info.plist; sourceTree = "<group>"; };
		85BD6AF929D8B36600802036 /* Assign-3-LoginTests.xctest */ = {isa = PBXFileReference; explicitFileType = wrapper.cfbundle; includeInIndex = 0; path = "Assign-3-LoginTests.xctest"; sourceTree = BUILT_PRODUCTS_DIR; };
		85BD6AFD29D8B36600802036 /* Assign_3_LoginTests.swift */ = {isa = PBXFileReference; lastKnownFileType = sourcecode.swift; path = Assign_3_LoginTests.swift; sourceTree = "<group>"; };
		85BD6B0329D8B36600802036 /* Assign-3-LoginUITests.xctest */ = {isa = PBXFileReference; explicitFileType = wrapper.cfbundle; includeInIndex = 0; path = "Assign-3-LoginUITests.xctest"; sourceTree = BUILT_PRODUCTS_DIR; };
		85BD6B0729D8B36600802036 /* Assign_3_LoginUITests.swift */ = {isa = PBXFileReference; lastKnownFileType = sourcecode.swift; path = Assign_3_LoginUITests.swift; sourceTree = "<group>"; };
		85BD6B0929D8B36600802036 /* Assign_3_LoginUITestsLaunchTests.swift */ = {isa = PBXFileReference; lastKnownFileType = sourcecode.swift; path = Assign_3_LoginUITestsLaunchTests.swift; sourceTree = "<group>"; };
		85BD6B1629D8CE5A00802036 /* LoginViewController.swift */ = {isa = PBXFileReference; lastKnownFileType = sourcecode.swift; path = LoginViewController.swift; sourceTree = "<group>"; };
		85BD6B1829D9529300802036 /* CreateAccountViewController.swift */ = {isa = PBXFileReference; lastKnownFileType = sourcecode.swift; path = CreateAccountViewController.swift; sourceTree = "<group>"; };
		85BD6B1A29D98DE500802036 /* ForgotPasswordViewController.swift */ = {isa = PBXFileReference; lastKnownFileType = sourcecode.swift; path = ForgotPasswordViewController.swift; sourceTree = "<group>"; };
		85BD6B1C29D9913500802036 /* PasswordSuccessViewController.swift */ = {isa = PBXFileReference; lastKnownFileType = sourcecode.swift; path = PasswordSuccessViewController.swift; sourceTree = "<group>"; };
		85BD6B1E29D9996C00802036 /* SignedInViewController.swift */ = {isa = PBXFileReference; lastKnownFileType = sourcecode.swift; path = SignedInViewController.swift; sourceTree = "<group>"; };
/* End PBXFileReference section */

/* Begin PBXFrameworksBuildPhase section */
		85BD6AE029D8B36200802036 /* Frameworks */ = {
			isa = PBXFrameworksBuildPhase;
			buildActionMask = 2147483647;
			files = (
			);
			runOnlyForDeploymentPostprocessing = 0;
		};
		85BD6AF629D8B36600802036 /* Frameworks */ = {
			isa = PBXFrameworksBuildPhase;
			buildActionMask = 2147483647;
			files = (
			);
			runOnlyForDeploymentPostprocessing = 0;
		};
		85BD6B0029D8B36600802036 /* Frameworks */ = {
			isa = PBXFrameworksBuildPhase;
			buildActionMask = 2147483647;
			files = (
			);
			runOnlyForDeploymentPostprocessing = 0;
		};
/* End PBXFrameworksBuildPhase section */

/* Begin PBXGroup section */
		85BD6ADA29D8B36200802036 = {
			isa = PBXGroup;
			children = (
				85BD6AE529D8B36200802036 /* Assign-3-Login */,
				85BD6AFC29D8B36600802036 /* Assign-3-LoginTests */,
				85BD6B0629D8B36600802036 /* Assign-3-LoginUITests */,
				85BD6AE429D8B36200802036 /* Products */,
			);
			sourceTree = "<group>";
		};
		85BD6AE429D8B36200802036 /* Products */ = {
			isa = PBXGroup;
			children = (
				85BD6AE329D8B36200802036 /* Assign-3-Login.app */,
				85BD6AF929D8B36600802036 /* Assign-3-LoginTests.xctest */,
				85BD6B0329D8B36600802036 /* Assign-3-LoginUITests.xctest */,
			);
			name = Products;
			sourceTree = "<group>";
		};
		85BD6AE529D8B36200802036 /* Assign-3-Login */ = {
			isa = PBXGroup;
			children = (
				85BD6AE629D8B36200802036 /* AppDelegate.swift */,
				85BD6AE829D8B36200802036 /* SceneDelegate.swift */,
				85BD6AEA29D8B36200802036 /* ViewController.swift */,
				85BD6B1A29D98DE500802036 /* ForgotPasswordViewController.swift */,
				85BD6B1629D8CE5A00802036 /* LoginViewController.swift */,
				85BD6B1829D9529300802036 /* CreateAccountViewController.swift */,
				85BD6AEC29D8B36200802036 /* Main.storyboard */,
				85BD6B1E29D9996C00802036 /* SignedInViewController.swift */,
				85BD6B1C29D9913500802036 /* PasswordSuccessViewController.swift */,
				85BD6AEF29D8B36600802036 /* Assets.xcassets */,
				85BD6AF129D8B36600802036 /* LaunchScreen.storyboard */,
				85BD6AF429D8B36600802036 /* Info.plist */,
			);
			path = "Assign-3-Login";
			sourceTree = "<group>";
		};
		85BD6AFC29D8B36600802036 /* Assign-3-LoginTests */ = {
			isa = PBXGroup;
			children = (
				85BD6AFD29D8B36600802036 /* Assign_3_LoginTests.swift */,
			);
			path = "Assign-3-LoginTests";
			sourceTree = "<group>";
		};
		85BD6B0629D8B36600802036 /* Assign-3-LoginUITests */ = {
			isa = PBXGroup;
			children = (
				85BD6B0729D8B36600802036 /* Assign_3_LoginUITests.swift */,
				85BD6B0929D8B36600802036 /* Assign_3_LoginUITestsLaunchTests.swift */,
			);
			path = "Assign-3-LoginUITests";
			sourceTree = "<group>";
		};
/* End PBXGroup section */

/* Begin PBXNativeTarget section */
		85BD6AE229D8B36200802036 /* Assign-3-Login */ = {
			isa = PBXNativeTarget;
			buildConfigurationList = 85BD6B0D29D8B36600802036 /* Build configuration list for PBXNativeTarget "Assign-3-Login" */;
			buildPhases = (
				85BD6ADF29D8B36200802036 /* Sources */,
				85BD6AE029D8B36200802036 /* Frameworks */,
				85BD6AE129D8B36200802036 /* Resources */,
			);
			buildRules = (
			);
			dependencies = (
			);
			name = "Assign-3-Login";
			productName = "Assign-3-Login";
			productReference = 85BD6AE329D8B36200802036 /* Assign-3-Login.app */;
			productType = "com.apple.product-type.application";
		};
		85BD6AF829D8B36600802036 /* Assign-3-LoginTests */ = {
			isa = PBXNativeTarget;
			buildConfigurationList = 85BD6B1029D8B36600802036 /* Build configuration list for PBXNativeTarget "Assign-3-LoginTests" */;
			buildPhases = (
				85BD6AF529D8B36600802036 /* Sources */,
				85BD6AF629D8B36600802036 /* Frameworks */,
				85BD6AF729D8B36600802036 /* Resources */,
			);
			buildRules = (
			);
			dependencies = (
				85BD6AFB29D8B36600802036 /* PBXTargetDependency */,
			);
			name = "Assign-3-LoginTests";
			productName = "Assign-3-LoginTests";
			productReference = 85BD6AF929D8B36600802036 /* Assign-3-LoginTests.xctest */;
			productType = "com.apple.product-type.bundle.unit-test";
		};
		85BD6B0229D8B36600802036 /* Assign-3-LoginUITests */ = {
			isa = PBXNativeTarget;
			buildConfigurationList = 85BD6B1329D8B36600802036 /* Build configuration list for PBXNativeTarget "Assign-3-LoginUITests" */;
			buildPhases = (
				85BD6AFF29D8B36600802036 /* Sources */,
				85BD6B0029D8B36600802036 /* Frameworks */,
				85BD6B0129D8B36600802036 /* Resources */,
			);
			buildRules = (
			);
			dependencies = (
				85BD6B0529D8B36600802036 /* PBXTargetDependency */,
			);
			name = "Assign-3-LoginUITests";
			productName = "Assign-3-LoginUITests";
			productReference = 85BD6B0329D8B36600802036 /* Assign-3-LoginUITests.xctest */;
			productType = "com.apple.product-type.bundle.ui-testing";
		};
/* End PBXNativeTarget section */

/* Begin PBXProject section */
		85BD6ADB29D8B36200802036 /* Project object */ = {
			isa = PBXProject;
			attributes = {
				BuildIndependentTargetsInParallel = 1;
				LastSwiftUpdateCheck = 1430;
				LastUpgradeCheck = 1430;
				TargetAttributes = {
					85BD6AE229D8B36200802036 = {
						CreatedOnToolsVersion = 14.3;
					};
					85BD6AF829D8B36600802036 = {
						CreatedOnToolsVersion = 14.3;
						TestTargetID = 85BD6AE229D8B36200802036;
					};
					85BD6B0229D8B36600802036 = {
						CreatedOnToolsVersion = 14.3;
						TestTargetID = 85BD6AE229D8B36200802036;
					};
				};
			};
			buildConfigurationList = 85BD6ADE29D8B36200802036 /* Build configuration list for PBXProject "Assign-3-Login" */;
			compatibilityVersion = "Xcode 14.0";
			developmentRegion = en;
			hasScannedForEncodings = 0;
			knownRegions = (
				en,
				Base,
			);
			mainGroup = 85BD6ADA29D8B36200802036;
			productRefGroup = 85BD6AE429D8B36200802036 /* Products */;
			projectDirPath = "";
			projectRoot = "";
			targets = (
				85BD6AE229D8B36200802036 /* Assign-3-Login */,
				85BD6AF829D8B36600802036 /* Assign-3-LoginTests */,
				85BD6B0229D8B36600802036 /* Assign-3-LoginUITests */,
			);
		};
/* End PBXProject section */

/* Begin PBXResourcesBuildPhase section */
		85BD6AE129D8B36200802036 /* Resources */ = {
			isa = PBXResourcesBuildPhase;
			buildActionMask = 2147483647;
			files = (
				85BD6AF329D8B36600802036 /* LaunchScreen.storyboard in Resources */,
				85BD6AF029D8B36600802036 /* Assets.xcassets in Resources */,
				85BD6AEE29D8B36200802036 /* Main.storyboard in Resources */,
			);
			runOnlyForDeploymentPostprocessing = 0;
		};
		85BD6AF729D8B36600802036 /* Resources */ = {
			isa = PBXResourcesBuildPhase;
			buildActionMask = 2147483647;
			files = (
			);
			runOnlyForDeploymentPostprocessing = 0;
		};
		85BD6B0129D8B36600802036 /* Resources */ = {
			isa = PBXResourcesBuildPhase;
			buildActionMask = 2147483647;
			files = (
			);
			runOnlyForDeploymentPostprocessing = 0;
		};
/* End PBXResourcesBuildPhase section */

/* Begin PBXSourcesBuildPhase section */
		85BD6ADF29D8B36200802036 /* Sources */ = {
			isa = PBXSourcesBuildPhase;
			buildActionMask = 2147483647;
			files = (
				85BD6B1729D8CE5A00802036 /* LoginViewController.swift in Sources */,
				85BD6B1929D9529300802036 /* CreateAccountViewController.swift in Sources */,
				85BD6B1B29D98DE500802036 /* ForgotPasswordViewController.swift in Sources */,
				85BD6AEB29D8B36200802036 /* ViewController.swift in Sources */,
				85BD6B1D29D9913500802036 /* PasswordSuccessViewController.swift in Sources */,
				85BD6AE729D8B36200802036 /* AppDelegate.swift in Sources */,
				85BD6AE929D8B36200802036 /* SceneDelegate.swift in Sources */,
				85BD6B1F29D9996C00802036 /* SignedInViewController.swift in Sources */,
			);
			runOnlyForDeploymentPostprocessing = 0;
		};
		85BD6AF529D8B36600802036 /* Sources */ = {
			isa = PBXSourcesBuildPhase;
			buildActionMask = 2147483647;
			files = (
				85BD6AFE29D8B36600802036 /* Assign_3_LoginTests.swift in Sources */,
			);
			runOnlyForDeploymentPostprocessing = 0;
		};
		85BD6AFF29D8B36600802036 /* Sources */ = {
			isa = PBXSourcesBuildPhase;
			buildActionMask = 2147483647;
			files = (
				85BD6B0829D8B36600802036 /* Assign_3_LoginUITests.swift in Sources */,
				85BD6B0A29D8B36600802036 /* Assign_3_LoginUITestsLaunchTests.swift in Sources */,
			);
			runOnlyForDeploymentPostprocessing = 0;
		};
/* End PBXSourcesBuildPhase section */

/* Begin PBXTargetDependency section */
		85BD6AFB29D8B36600802036 /* PBXTargetDependency */ = {
			isa = PBXTargetDependency;
			target = 85BD6AE229D8B36200802036 /* Assign-3-Login */;
			targetProxy = 85BD6AFA29D8B36600802036 /* PBXContainerItemProxy */;
		};
		85BD6B0529D8B36600802036 /* PBXTargetDependency */ = {
			isa = PBXTargetDependency;
			target = 85BD6AE229D8B36200802036 /* Assign-3-Login */;
			targetProxy = 85BD6B0429D8B36600802036 /* PBXContainerItemProxy */;
		};
/* End PBXTargetDependency section */

/* Begin PBXVariantGroup section */
		85BD6AEC29D8B36200802036 /* Main.storyboard */ = {
			isa = PBXVariantGroup;
			children = (
				85BD6AED29D8B36200802036 /* Base */,
			);
			name = Main.storyboard;
			sourceTree = "<group>";
		};
		85BD6AF129D8B36600802036 /* LaunchScreen.storyboard */ = {
			isa = PBXVariantGroup;
			children = (
				85BD6AF229D8B36600802036 /* Base */,
			);
			name = LaunchScreen.storyboard;
			sourceTree = "<group>";
		};
/* End PBXVariantGroup section */

/* Begin XCBuildConfiguration section */
		85BD6B0B29D8B36600802036 /* Debug */ = {
			isa = XCBuildConfiguration;
			buildSettings = {
				ALWAYS_SEARCH_USER_PATHS = NO;
				CLANG_ANALYZER_NONNULL = YES;
				CLANG_ANALYZER_NUMBER_OBJECT_CONVERSION = YES_AGGRESSIVE;
				CLANG_CXX_LANGUAGE_STANDARD = "gnu++20";
				CLANG_ENABLE_MODULES = YES;
				CLANG_ENABLE_OBJC_ARC = YES;
				CLANG_ENABLE_OBJC_WEAK = YES;
				CLANG_WARN_BLOCK_CAPTURE_AUTORELEASING = YES;
				CLANG_WARN_BOOL_CONVERSION = YES;
				CLANG_WARN_COMMA = YES;
				CLANG_WARN_CONSTANT_CONVERSION = YES;
				CLANG_WARN_DEPRECATED_OBJC_IMPLEMENTATIONS = YES;
				CLANG_WARN_DIRECT_OBJC_ISA_USAGE = YES_ERROR;
				CLANG_WARN_DOCUMENTATION_COMMENTS = YES;
				CLANG_WARN_EMPTY_BODY = YES;
				CLANG_WARN_ENUM_CONVERSION = YES;
				CLANG_WARN_INFINITE_RECURSION = YES;
				CLANG_WARN_INT_CONVERSION = YES;
				CLANG_WARN_NON_LITERAL_NULL_CONVERSION = YES;
				CLANG_WARN_OBJC_IMPLICIT_RETAIN_SELF = YES;
				CLANG_WARN_OBJC_LITERAL_CONVERSION = YES;
				CLANG_WARN_OBJC_ROOT_CLASS = YES_ERROR;
				CLANG_WARN_QUOTED_INCLUDE_IN_FRAMEWORK_HEADER = YES;
				CLANG_WARN_RANGE_LOOP_ANALYSIS = YES;
				CLANG_WARN_STRICT_PROTOTYPES = YES;
				CLANG_WARN_SUSPICIOUS_MOVE = YES;
				CLANG_WARN_UNGUARDED_AVAILABILITY = YES_AGGRESSIVE;
				CLANG_WARN_UNREACHABLE_CODE = YES;
				CLANG_WARN__DUPLICATE_METHOD_MATCH = YES;
				COPY_PHASE_STRIP = NO;
				DEBUG_INFORMATION_FORMAT = dwarf;
				ENABLE_STRICT_OBJC_MSGSEND = YES;
				ENABLE_TESTABILITY = YES;
				GCC_C_LANGUAGE_STANDARD = gnu11;
				GCC_DYNAMIC_NO_PIC = NO;
				GCC_NO_COMMON_BLOCKS = YES;
				GCC_OPTIMIZATION_LEVEL = 0;
				GCC_PREPROCESSOR_DEFINITIONS = (
					"DEBUG=1",
					"$(inherited)",
				);
				GCC_WARN_64_TO_32_BIT_CONVERSION = YES;
				GCC_WARN_ABOUT_RETURN_TYPE = YES_ERROR;
				GCC_WARN_UNDECLARED_SELECTOR = YES;
				GCC_WARN_UNINITIALIZED_AUTOS = YES_AGGRESSIVE;
				GCC_WARN_UNUSED_FUNCTION = YES;
				GCC_WARN_UNUSED_VARIABLE = YES;
				IPHONEOS_DEPLOYMENT_TARGET = 16.4;
				MTL_ENABLE_DEBUG_INFO = INCLUDE_SOURCE;
				MTL_FAST_MATH = YES;
				ONLY_ACTIVE_ARCH = YES;
				SDKROOT = iphoneos;
				SWIFT_ACTIVE_COMPILATION_CONDITIONS = DEBUG;
				SWIFT_OPTIMIZATION_LEVEL = "-Onone";
			};
			name = Debug;
		};
		85BD6B0C29D8B36600802036 /* Release */ = {
			isa = XCBuildConfiguration;
			buildSettings = {
				ALWAYS_SEARCH_USER_PATHS = NO;
				CLANG_ANALYZER_NONNULL = YES;
				CLANG_ANALYZER_NUMBER_OBJECT_CONVERSION = YES_AGGRESSIVE;
				CLANG_CXX_LANGUAGE_STANDARD = "gnu++20";
				CLANG_ENABLE_MODULES = YES;
				CLANG_ENABLE_OBJC_ARC = YES;
				CLANG_ENABLE_OBJC_WEAK = YES;
				CLANG_WARN_BLOCK_CAPTURE_AUTORELEASING = YES;
				CLANG_WARN_BOOL_CONVERSION = YES;
				CLANG_WARN_COMMA = YES;
				CLANG_WARN_CONSTANT_CONVERSION = YES;
				CLANG_WARN_DEPRECATED_OBJC_IMPLEMENTATIONS = YES;
				CLANG_WARN_DIRECT_OBJC_ISA_USAGE = YES_ERROR;
				CLANG_WARN_DOCUMENTATION_COMMENTS = YES;
				CLANG_WARN_EMPTY_BODY = YES;
				CLANG_WARN_ENUM_CONVERSION = YES;
				CLANG_WARN_INFINITE_RECURSION = YES;
				CLANG_WARN_INT_CONVERSION = YES;
				CLANG_WARN_NON_LITERAL_NULL_CONVERSION = YES;
				CLANG_WARN_OBJC_IMPLICIT_RETAIN_SELF = YES;
				CLANG_WARN_OBJC_LITERAL_CONVERSION = YES;
				CLANG_WARN_OBJC_ROOT_CLASS = YES_ERROR;
				CLANG_WARN_QUOTED_INCLUDE_IN_FRAMEWORK_HEADER = YES;
				CLANG_WARN_RANGE_LOOP_ANALYSIS = YES;
				CLANG_WARN_STRICT_PROTOTYPES = YES;
				CLANG_WARN_SUSPICIOUS_MOVE = YES;
				CLANG_WARN_UNGUARDED_AVAILABILITY = YES_AGGRESSIVE;
				CLANG_WARN_UNREACHABLE_CODE = YES;
				CLANG_WARN__DUPLICATE_METHOD_MATCH = YES;
				COPY_PHASE_STRIP = NO;
				DEBUG_INFORMATION_FORMAT = "dwarf-with-dsym";
				ENABLE_NS_ASSERTIONS = NO;
				ENABLE_STRICT_OBJC_MSGSEND = YES;
				GCC_C_LANGUAGE_STANDARD = gnu11;
				GCC_NO_COMMON_BLOCKS = YES;
				GCC_WARN_64_TO_32_BIT_CONVERSION = YES;
				GCC_WARN_ABOUT_RETURN_TYPE = YES_ERROR;
				GCC_WARN_UNDECLARED_SELECTOR = YES;
				GCC_WARN_UNINITIALIZED_AUTOS = YES_AGGRESSIVE;
				GCC_WARN_UNUSED_FUNCTION = YES;
				GCC_WARN_UNUSED_VARIABLE = YES;
				IPHONEOS_DEPLOYMENT_TARGET = 16.4;
				MTL_ENABLE_DEBUG_INFO = NO;
				MTL_FAST_MATH = YES;
				SDKROOT = iphoneos;
				SWIFT_COMPILATION_MODE = wholemodule;
				SWIFT_OPTIMIZATION_LEVEL = "-O";
				VALIDATE_PRODUCT = YES;
			};
			name = Release;
		};
		85BD6B0E29D8B36600802036 /* Debug */ = {
			isa = XCBuildConfiguration;
			buildSettings = {
				ASSETCATALOG_COMPILER_APPICON_NAME = AppIcon;
				ASSETCATALOG_COMPILER_GLOBAL_ACCENT_COLOR_NAME = AccentColor;
				CODE_SIGN_STYLE = Automatic;
				CURRENT_PROJECT_VERSION = 1;
				GENERATE_INFOPLIST_FILE = YES;
				INFOPLIST_FILE = "Assign-3-Login/Info.plist";
				INFOPLIST_KEY_UIApplicationSupportsIndirectInputEvents = YES;
				INFOPLIST_KEY_UILaunchStoryboardName = LaunchScreen;
				INFOPLIST_KEY_UIMainStoryboardFile = Main;
				INFOPLIST_KEY_UISupportedInterfaceOrientations_iPad = "UIInterfaceOrientationPortrait UIInterfaceOrientationPortraitUpsideDown UIInterfaceOrientationLandscapeLeft UIInterfaceOrientationLandscapeRight";
				INFOPLIST_KEY_UISupportedInterfaceOrientations_iPhone = "UIInterfaceOrientationPortrait UIInterfaceOrientationLandscapeLeft UIInterfaceOrientationLandscapeRight";
				LD_RUNPATH_SEARCH_PATHS = (
					"$(inherited)",
					"@executable_path/Frameworks",
				);
				MARKETING_VERSION = 1.0;
				PRODUCT_BUNDLE_IDENTIFIER = "com.itc.Assign-3-Login";
				PRODUCT_NAME = "$(TARGET_NAME)";
				SWIFT_EMIT_LOC_STRINGS = YES;
				SWIFT_VERSION = 5.0;
				TARGETED_DEVICE_FAMILY = "1,2";
			};
			name = Debug;
		};
		85BD6B0F29D8B36600802036 /* Release */ = {
			isa = XCBuildConfiguration;
			buildSettings = {
				ASSETCATALOG_COMPILER_APPICON_NAME = AppIcon;
				ASSETCATALOG_COMPILER_GLOBAL_ACCENT_COLOR_NAME = AccentColor;
				CODE_SIGN_STYLE = Automatic;
				CURRENT_PROJECT_VERSION = 1;
				GENERATE_INFOPLIST_FILE = YES;
				INFOPLIST_FILE = "Assign-3-Login/Info.plist";
				INFOPLIST_KEY_UIApplicationSupportsIndirectInputEvents = YES;
				INFOPLIST_KEY_UILaunchStoryboardName = LaunchScreen;
				INFOPLIST_KEY_UIMainStoryboardFile = Main;
				INFOPLIST_KEY_UISupportedInterfaceOrientations_iPad = "UIInterfaceOrientationPortrait UIInterfaceOrientationPortraitUpsideDown UIInterfaceOrientationLandscapeLeft UIInterfaceOrientationLandscapeRight";
				INFOPLIST_KEY_UISupportedInterfaceOrientations_iPhone = "UIInterfaceOrientationPortrait UIInterfaceOrientationLandscapeLeft UIInterfaceOrientationLandscapeRight";
				LD_RUNPATH_SEARCH_PATHS = (
					"$(inherited)",
					"@executable_path/Frameworks",
				);
				MARKETING_VERSION = 1.0;
				PRODUCT_BUNDLE_IDENTIFIER = "com.itc.Assign-3-Login";
				PRODUCT_NAME = "$(TARGET_NAME)";
				SWIFT_EMIT_LOC_STRINGS = YES;
				SWIFT_VERSION = 5.0;
				TARGETED_DEVICE_FAMILY = "1,2";
			};
			name = Release;
		};
		85BD6B1129D8B36600802036 /* Debug */ = {
			isa = XCBuildConfiguration;
			buildSettings = {
				ALWAYS_EMBED_SWIFT_STANDARD_LIBRARIES = YES;
				BUNDLE_LOADER = "$(TEST_HOST)";
				CODE_SIGN_STYLE = Automatic;
				CURRENT_PROJECT_VERSION = 1;
				GENERATE_INFOPLIST_FILE = YES;
				IPHONEOS_DEPLOYMENT_TARGET = 16.4;
				MARKETING_VERSION = 1.0;
				PRODUCT_BUNDLE_IDENTIFIER = "com.itc.Assign-3-LoginTests";
				PRODUCT_NAME = "$(TARGET_NAME)";
				SWIFT_EMIT_LOC_STRINGS = NO;
				SWIFT_VERSION = 5.0;
				TARGETED_DEVICE_FAMILY = "1,2";
				TEST_HOST = "$(BUILT_PRODUCTS_DIR)/Assign-3-Login.app/$(BUNDLE_EXECUTABLE_FOLDER_PATH)/Assign-3-Login";
			};
			name = Debug;
		};
		85BD6B1229D8B36600802036 /* Release */ = {
			isa = XCBuildConfiguration;
			buildSettings = {
				ALWAYS_EMBED_SWIFT_STANDARD_LIBRARIES = YES;
				BUNDLE_LOADER = "$(TEST_HOST)";
				CODE_SIGN_STYLE = Automatic;
				CURRENT_PROJECT_VERSION = 1;
				GENERATE_INFOPLIST_FILE = YES;
				IPHONEOS_DEPLOYMENT_TARGET = 16.4;
				MARKETING_VERSION = 1.0;
				PRODUCT_BUNDLE_IDENTIFIER = "com.itc.Assign-3-LoginTests";
				PRODUCT_NAME = "$(TARGET_NAME)";
				SWIFT_EMIT_LOC_STRINGS = NO;
				SWIFT_VERSION = 5.0;
				TARGETED_DEVICE_FAMILY = "1,2";
				TEST_HOST = "$(BUILT_PRODUCTS_DIR)/Assign-3-Login.app/$(BUNDLE_EXECUTABLE_FOLDER_PATH)/Assign-3-Login";
			};
			name = Release;
		};
		85BD6B1429D8B36600802036 /* Debug */ = {
			isa = XCBuildConfiguration;
			buildSettings = {
				ALWAYS_EMBED_SWIFT_STANDARD_LIBRARIES = YES;
				CODE_SIGN_STYLE = Automatic;
				CURRENT_PROJECT_VERSION = 1;
				GENERATE_INFOPLIST_FILE = YES;
				MARKETING_VERSION = 1.0;
				PRODUCT_BUNDLE_IDENTIFIER = "com.itc.Assign-3-LoginUITests";
				PRODUCT_NAME = "$(TARGET_NAME)";
				SWIFT_EMIT_LOC_STRINGS = NO;
				SWIFT_VERSION = 5.0;
				TARGETED_DEVICE_FAMILY = "1,2";
				TEST_TARGET_NAME = "Assign-3-Login";
			};
			name = Debug;
		};
		85BD6B1529D8B36600802036 /* Release */ = {
			isa = XCBuildConfiguration;
			buildSettings = {
				ALWAYS_EMBED_SWIFT_STANDARD_LIBRARIES = YES;
				CODE_SIGN_STYLE = Automatic;
				CURRENT_PROJECT_VERSION = 1;
				GENERATE_INFOPLIST_FILE = YES;
				MARKETING_VERSION = 1.0;
				PRODUCT_BUNDLE_IDENTIFIER = "com.itc.Assign-3-LoginUITests";
				PRODUCT_NAME = "$(TARGET_NAME)";
				SWIFT_EMIT_LOC_STRINGS = NO;
				SWIFT_VERSION = 5.0;
				TARGETED_DEVICE_FAMILY = "1,2";
				TEST_TARGET_NAME = "Assign-3-Login";
			};
			name = Release;
		};
/* End XCBuildConfiguration section */

/* Begin XCConfigurationList section */
		85BD6ADE29D8B36200802036 /* Build configuration list for PBXProject "Assign-3-Login" */ = {
			isa = XCConfigurationList;
			buildConfigurations = (
				85BD6B0B29D8B36600802036 /* Debug */,
				85BD6B0C29D8B36600802036 /* Release */,
			);
			defaultConfigurationIsVisible = 0;
			defaultConfigurationName = Release;
		};
		85BD6B0D29D8B36600802036 /* Build configuration list for PBXNativeTarget "Assign-3-Login" */ = {
			isa = XCConfigurationList;
			buildConfigurations = (
				85BD6B0E29D8B36600802036 /* Debug */,
				85BD6B0F29D8B36600802036 /* Release */,
			);
			defaultConfigurationIsVisible = 0;
			defaultConfigurationName = Release;
		};
		85BD6B1029D8B36600802036 /* Build configuration list for PBXNativeTarget "Assign-3-LoginTests" */ = {
			isa = XCConfigurationList;
			buildConfigurations = (
				85BD6B1129D8B36600802036 /* Debug */,
				85BD6B1229D8B36600802036 /* Release */,
			);
			defaultConfigurationIsVisible = 0;
			defaultConfigurationName = Release;
		};
		85BD6B1329D8B36600802036 /* Build configuration list for PBXNativeTarget "Assign-3-LoginUITests" */ = {
			isa = XCConfigurationList;
			buildConfigurations = (
				85BD6B1429D8B36600802036 /* Debug */,
				85BD6B1529D8B36600802036 /* Release */,
			);
			defaultConfigurationIsVisible = 0;
			defaultConfigurationName = Release;
		};
/* End XCConfigurationList section */
	};
	rootObject = 85BD6ADB29D8B36200802036 /* Project object */;
}
